
Microsoft Visual Studio Solution File, Format Version 12.00
# Visual Studio Version 17
VisualStudioVersion = 17.12.35728.132 d17.12
MinimumVisualStudioVersion = 10.0.40219.1
Project("{FAE04EC0-301F-11D3-BF4B-00C04F79EFBC}") = "BudgetTracker.Server", "BudgetTracker.Server\BudgetTracker.Server.csproj", "{EA09D2D7-C9D7-4ADE-8D4C-F40BB4D543C9}"
EndProject
Project("{54A90642-561A-4BB1-A94E-469ADEE60C69}") = "budgettracker.client", "budgettracker.client\budgettracker.client.esproj", "{5D726B5F-25F5-44CA-BF01-398ADEF89F9A}"
EndProject
Global
	GlobalSection(SolutionConfigurationPlatforms) = preSolution
		Debug|Any CPU = Debug|Any CPU
		Release|Any CPU = Release|Any CPU
	EndGlobalSection
	GlobalSection(ProjectConfigurationPlatforms) = postSolution
		{EA09D2D7-C9D7-4ADE-8D4C-F40BB4D543C9}.Debug|Any CPU.ActiveCfg = Debug|Any CPU
		{EA09D2D7-C9D7-4ADE-8D4C-F40BB4D543C9}.Debug|Any CPU.Build.0 = Debug|Any CPU
		{EA09D2D7-C9D7-4ADE-8D4C-F40BB4D543C9}.Release|Any CPU.ActiveCfg = Release|Any CPU
		{EA09D2D7-C9D7-4ADE-8D4C-F40BB4D543C9}.Release|Any CPU.Build.0 = Release|Any CPU
		{5D726B5F-25F5-44CA-BF01-398ADEF89F9A}.Debug|Any CPU.ActiveCfg = Debug|Any CPU
		{5D726B5F-25F5-44CA-BF01-398ADEF89F9A}.Debug|Any CPU.Build.0 = Debug|Any CPU
		{5D726B5F-25F5-44CA-BF01-398ADEF89F9A}.Debug|Any CPU.Deploy.0 = Debug|Any CPU
		{5D726B5F-25F5-44CA-BF01-398ADEF89F9A}.Release|Any CPU.ActiveCfg = Release|Any CPU
		{5D726B5F-25F5-44CA-BF01-398ADEF89F9A}.Release|Any CPU.Build.0 = Release|Any CPU
		{5D726B5F-25F5-44CA-BF01-398ADEF89F9A}.Release|Any CPU.Deploy.0 = Release|Any CPU
	EndGlobalSection
	GlobalSection(SolutionProperties) = preSolution
		HideSolutionNode = FALSE
	EndGlobalSection
EndGlobal
